
Microsoft Visual Studio Solution File, Format Version 12.00
# Visual Studio Version 17
VisualStudioVersion = 17.11.35312.102
MinimumVisualStudioVersion = 10.0.40219.1
Project("{FAE04EC0-301F-11D3-BF4B-00C04F79EFBC}") = "DiscreteSim.Wascherei", "DiscreteSim.Wascherei\DiscreteSim.Wascherei.csproj", "{96AC0795-576E-4080-9880-8BD09E44A503}"
EndProject
Global
	GlobalSection(SolutionConfigurationPlatforms) = preSolution
		Debug|Any CPU = Debug|Any CPU
		Release|Any CPU = Release|Any CPU
	EndGlobalSection
	GlobalSection(ProjectConfigurationPlatforms) = postSolution
		{96AC0795-576E-4080-9880-8BD09E44A503}.Debug|Any CPU.ActiveCfg = Debug|Any CPU
		{96AC0795-576E-4080-9880-8BD09E44A503}.Debug|Any CPU.Build.0 = Debug|Any CPU
		{96AC0795-576E-4080-9880-8BD09E44A503}.Release|Any CPU.ActiveCfg = Release|Any CPU
		{96AC0795-576E-4080-9880-8BD09E44A503}.Release|Any CPU.Build.0 = Release|Any CPU
	EndGlobalSection
	GlobalSection(SolutionProperties) = preSolution
		HideSolutionNode = FALSE
	EndGlobalSection
	GlobalSection(ExtensibilityGlobals) = postSolution
		SolutionGuid = {51320A7D-A9E4-4388-83BA-2AEB49E5589C}
	EndGlobalSection
EndGlobal
